{
  "name": "Python",
  "lockfileVersion": 3,
  "requires": true,
  "packages": {
    "": {
      "dependencies": {
        "pep": "^1.0.13"
      }
    },
    "node_modules/articles": {
      "version": "0.2.1",
      "resolved": "https://registry.npmjs.org/articles/-/articles-0.2.1.tgz",
      "integrity": "sha512-zDiR2STVAE5n13KpbXMxGBvZgTCOHwxRcA8zgDuwxRU/NgO2T7rSeRiZ0rUNQ6aUhVtCNgLmbVjCSvftEdhBng=="
    },
    "node_modules/ephemeral": {
      "version": "0.0.6",
      "resolved": "https://registry.npmjs.org/ephemeral/-/ephemeral-0.0.6.tgz",
      "integrity": "sha512-1lBb/vvaMgFVV3tghVvU3EqMZCJgUYNV0B5XWnwT/1RUTHuKdtFSEHLmJvySjVdzP2JGJ7yq6del7UYwl/FdwA==",
      "dependencies": {
        "moment": "~2.5.1"
      }
    },
    "node_modules/i": {
      "version": "0.3.3",
      "resolved": "https://registry.npmjs.org/i/-/i-0.3.3.tgz",
      "integrity": "sha512-K6WZ4VnF9cB7hYawriC3cF0iVa74DIio5FQ0yQb6AkbiLWOBfgYX1U2wsjU7HW5S/DDZ3nPOf4nsczxRX7CEug==",
      "engines": {
        "node": ">=0.4"
      }
    },
    "node_modules/moment": {
      "version": "2.5.1",
      "resolved": "https://registry.npmjs.org/moment/-/moment-2.5.1.tgz",
      "integrity": "sha512-t+5ruKya8ZqxINueV7dkx2n7CQhZi0mPLUjjt6bqtZj2WzH8DuiIpUGFHMIOCzCq+TT8FAEaVQ0ttF3vKuM2bw==",
      "engines": {
        "node": "*"
      }
    },
    "node_modules/pep": {
      "version": "1.0.13",
      "resolved": "https://registry.npmjs.org/pep/-/pep-1.0.13.tgz",
      "integrity": "sha512-IvDw9tbd+jkKXIbBtHmGeqOfBGtSsuX2pBJXSUvl9tIHkbCD3tYgEDvsdyJnNyFm/sOSzRfixTcebld028D2+Q==",
      "dependencies": {
        "articles": "0.2.1",
        "ephemeral": "0.0.6",
        "i": "0.3.3"
      }
    }
  }
}
